
Microsoft Visual Studio Solution File, Format Version 12.00
# Visual Studio Version 16
VisualStudioVersion = 16.0.29102.190
MinimumVisualStudioVersion = 10.0.40219.1
Project("{FAE04EC0-301F-11D3-BF4B-00C04F79EFBC}") = "HebrewEnglishTranslator", "HebrewEnglishTranslator\HebrewEnglishTranslator.csproj", "{52BC1002-D0CB-4CC1-946F-2761A0321BAA}"
EndProject
Project("{FAE04EC0-301F-11D3-BF4B-00C04F79EFBC}") = "TranslatorTests", "TranslatorTests\TranslatorTests.csproj", "{3E23C7FD-FCAD-497D-A329-CDC2200EA44B}"
EndProject
Project("{FAE04EC0-301F-11D3-BF4B-00C04F79EFBC}") = "DataBaseCon", "DataBaseCon\DataBaseCon.csproj", "{88321BB6-F948-4CF6-8778-2C4FD3B04213}"
EndProject
Project("{FAE04EC0-301F-11D3-BF4B-00C04F79EFBC}") = "SqliteDbTests", "SqliteDbTests\SqliteDbTests.csproj", "{D83E8F9E-AC5F-4616-B664-83019942DABF}"
EndProject
Global
	GlobalSection(SolutionConfigurationPlatforms) = preSolution
		Debug|Any CPU = Debug|Any CPU
		Release|Any CPU = Release|Any CPU
	EndGlobalSection
	GlobalSection(ProjectConfigurationPlatforms) = postSolution
		{52BC1002-D0CB-4CC1-946F-2761A0321BAA}.Debug|Any CPU.ActiveCfg = Debug|Any CPU
		{52BC1002-D0CB-4CC1-946F-2761A0321BAA}.Debug|Any CPU.Build.0 = Debug|Any CPU
		{52BC1002-D0CB-4CC1-946F-2761A0321BAA}.Release|Any CPU.ActiveCfg = Release|Any CPU
		{52BC1002-D0CB-4CC1-946F-2761A0321BAA}.Release|Any CPU.Build.0 = Release|Any CPU
		{3E23C7FD-FCAD-497D-A329-CDC2200EA44B}.Debug|Any CPU.ActiveCfg = Debug|Any CPU
		{3E23C7FD-FCAD-497D-A329-CDC2200EA44B}.Debug|Any CPU.Build.0 = Debug|Any CPU
		{3E23C7FD-FCAD-497D-A329-CDC2200EA44B}.Release|Any CPU.ActiveCfg = Release|Any CPU
		{3E23C7FD-FCAD-497D-A329-CDC2200EA44B}.Release|Any CPU.Build.0 = Release|Any CPU
		{88321BB6-F948-4CF6-8778-2C4FD3B04213}.Debug|Any CPU.ActiveCfg = Debug|Any CPU
		{88321BB6-F948-4CF6-8778-2C4FD3B04213}.Debug|Any CPU.Build.0 = Debug|Any CPU
		{88321BB6-F948-4CF6-8778-2C4FD3B04213}.Release|Any CPU.ActiveCfg = Release|Any CPU
		{88321BB6-F948-4CF6-8778-2C4FD3B04213}.Release|Any CPU.Build.0 = Release|Any CPU
		{D83E8F9E-AC5F-4616-B664-83019942DABF}.Debug|Any CPU.ActiveCfg = Debug|Any CPU
		{D83E8F9E-AC5F-4616-B664-83019942DABF}.Debug|Any CPU.Build.0 = Debug|Any CPU
		{D83E8F9E-AC5F-4616-B664-83019942DABF}.Release|Any CPU.ActiveCfg = Release|Any CPU
		{D83E8F9E-AC5F-4616-B664-83019942DABF}.Release|Any CPU.Build.0 = Release|Any CPU
	EndGlobalSection
	GlobalSection(SolutionProperties) = preSolution
		HideSolutionNode = FALSE
	EndGlobalSection
	GlobalSection(ExtensibilityGlobals) = postSolution
		SolutionGuid = {A0DC1576-E0CE-4939-9A61-1C03F3DA593B}
	EndGlobalSection
EndGlobal
